
Microsoft Visual Studio Solution File, Format Version 12.00
# Visual Studio 15
VisualStudioVersion = 15.0.26124.0
MinimumVisualStudioVersion = 15.0.26124.0
Project("{FAE04EC0-301F-11D3-BF4B-00C04F79EFBC}") = "MediaWorld.Client", "MediaWorld.Client\MediaWorld.Client.csproj", "{5F646BD5-9AD7-493E-B804-D96C99C91084}"
EndProject
Project("{FAE04EC0-301F-11D3-BF4B-00C04F79EFBC}") = "MediaWorld.Domain", "MediaWorld.Domain\MediaWorld.Domain.csproj", "{1487D7D6-DDDA-4332-BEA4-A768D0160895}"
EndProject
Project("{FAE04EC0-301F-11D3-BF4B-00C04F79EFBC}") = "MediaWorld.Storing", "MediaWorld.Storing\MediaWorld.Storing.csproj", "{20CF2C49-A850-4197-8010-5278FC894816}"
EndProject
Project("{FAE04EC0-301F-11D3-BF4B-00C04F79EFBC}") = "MediaWorld.Testing", "MediaWorld.Testing\MediaWorld.Testing.csproj", "{27440D47-83E9-4EE3-B742-A595B806885E}"
EndProject
Global
	GlobalSection(SolutionConfigurationPlatforms) = preSolution
		Debug|Any CPU = Debug|Any CPU
		Debug|x64 = Debug|x64
		Debug|x86 = Debug|x86
		Release|Any CPU = Release|Any CPU
		Release|x64 = Release|x64
		Release|x86 = Release|x86
	EndGlobalSection
	GlobalSection(SolutionProperties) = preSolution
		HideSolutionNode = FALSE
	EndGlobalSection
	GlobalSection(ProjectConfigurationPlatforms) = postSolution
		{5F646BD5-9AD7-493E-B804-D96C99C91084}.Debug|Any CPU.ActiveCfg = Debug|Any CPU
		{5F646BD5-9AD7-493E-B804-D96C99C91084}.Debug|Any CPU.Build.0 = Debug|Any CPU
		{5F646BD5-9AD7-493E-B804-D96C99C91084}.Debug|x64.ActiveCfg = Debug|Any CPU
		{5F646BD5-9AD7-493E-B804-D96C99C91084}.Debug|x64.Build.0 = Debug|Any CPU
		{5F646BD5-9AD7-493E-B804-D96C99C91084}.Debug|x86.ActiveCfg = Debug|Any CPU
		{5F646BD5-9AD7-493E-B804-D96C99C91084}.Debug|x86.Build.0 = Debug|Any CPU
		{5F646BD5-9AD7-493E-B804-D96C99C91084}.Release|Any CPU.ActiveCfg = Release|Any CPU
		{5F646BD5-9AD7-493E-B804-D96C99C91084}.Release|Any CPU.Build.0 = Release|Any CPU
		{5F646BD5-9AD7-493E-B804-D96C99C91084}.Release|x64.ActiveCfg = Release|Any CPU
		{5F646BD5-9AD7-493E-B804-D96C99C91084}.Release|x64.Build.0 = Release|Any CPU
		{5F646BD5-9AD7-493E-B804-D96C99C91084}.Release|x86.ActiveCfg = Release|Any CPU
		{5F646BD5-9AD7-493E-B804-D96C99C91084}.Release|x86.Build.0 = Release|Any CPU
		{1487D7D6-DDDA-4332-BEA4-A768D0160895}.Debug|Any CPU.ActiveCfg = Debug|Any CPU
		{1487D7D6-DDDA-4332-BEA4-A768D0160895}.Debug|Any CPU.Build.0 = Debug|Any CPU
		{1487D7D6-DDDA-4332-BEA4-A768D0160895}.Debug|x64.ActiveCfg = Debug|Any CPU
		{1487D7D6-DDDA-4332-BEA4-A768D0160895}.Debug|x64.Build.0 = Debug|Any CPU
		{1487D7D6-DDDA-4332-BEA4-A768D0160895}.Debug|x86.ActiveCfg = Debug|Any CPU
		{1487D7D6-DDDA-4332-BEA4-A768D0160895}.Debug|x86.Build.0 = Debug|Any CPU
		{1487D7D6-DDDA-4332-BEA4-A768D0160895}.Release|Any CPU.ActiveCfg = Release|Any CPU
		{1487D7D6-DDDA-4332-BEA4-A768D0160895}.Release|Any CPU.Build.0 = Release|Any CPU
		{1487D7D6-DDDA-4332-BEA4-A768D0160895}.Release|x64.ActiveCfg = Release|Any CPU
		{1487D7D6-DDDA-4332-BEA4-A768D0160895}.Release|x64.Build.0 = Release|Any CPU
		{1487D7D6-DDDA-4332-BEA4-A768D0160895}.Release|x86.ActiveCfg = Release|Any CPU
		{1487D7D6-DDDA-4332-BEA4-A768D0160895}.Release|x86.Build.0 = Release|Any CPU
		{20CF2C49-A850-4197-8010-5278FC894816}.Debug|Any CPU.ActiveCfg = Debug|Any CPU
		{20CF2C49-A850-4197-8010-5278FC894816}.Debug|Any CPU.Build.0 = Debug|Any CPU
		{20CF2C49-A850-4197-8010-5278FC894816}.Debug|x64.ActiveCfg = Debug|Any CPU
		{20CF2C49-A850-4197-8010-5278FC894816}.Debug|x64.Build.0 = Debug|Any CPU
		{20CF2C49-A850-4197-8010-5278FC894816}.Debug|x86.ActiveCfg = Debug|Any CPU
		{20CF2C49-A850-4197-8010-5278FC894816}.Debug|x86.Build.0 = Debug|Any CPU
		{20CF2C49-A850-4197-8010-5278FC894816}.Release|Any CPU.ActiveCfg = Release|Any CPU
		{20CF2C49-A850-4197-8010-5278FC894816}.Release|Any CPU.Build.0 = Release|Any CPU
		{20CF2C49-A850-4197-8010-5278FC894816}.Release|x64.ActiveCfg = Release|Any CPU
		{20CF2C49-A850-4197-8010-5278FC894816}.Release|x64.Build.0 = Release|Any CPU
		{20CF2C49-A850-4197-8010-5278FC894816}.Release|x86.ActiveCfg = Release|Any CPU
		{20CF2C49-A850-4197-8010-5278FC894816}.Release|x86.Build.0 = Release|Any CPU
		{27440D47-83E9-4EE3-B742-A595B806885E}.Debug|Any CPU.ActiveCfg = Debug|Any CPU
		{27440D47-83E9-4EE3-B742-A595B806885E}.Debug|Any CPU.Build.0 = Debug|Any CPU
		{27440D47-83E9-4EE3-B742-A595B806885E}.Debug|x64.ActiveCfg = Debug|Any CPU
		{27440D47-83E9-4EE3-B742-A595B806885E}.Debug|x64.Build.0 = Debug|Any CPU
		{27440D47-83E9-4EE3-B742-A595B806885E}.Debug|x86.ActiveCfg = Debug|Any CPU
		{27440D47-83E9-4EE3-B742-A595B806885E}.Debug|x86.Build.0 = Debug|Any CPU
		{27440D47-83E9-4EE3-B742-A595B806885E}.Release|Any CPU.ActiveCfg = Release|Any CPU
		{27440D47-83E9-4EE3-B742-A595B806885E}.Release|Any CPU.Build.0 = Release|Any CPU
		{27440D47-83E9-4EE3-B742-A595B806885E}.Release|x64.ActiveCfg = Release|Any CPU
		{27440D47-83E9-4EE3-B742-A595B806885E}.Release|x64.Build.0 = Release|Any CPU
		{27440D47-83E9-4EE3-B742-A595B806885E}.Release|x86.ActiveCfg = Release|Any CPU
		{27440D47-83E9-4EE3-B742-A595B806885E}.Release|x86.Build.0 = Release|Any CPU
	EndGlobalSection
EndGlobal
